
Microsoft Visual Studio Solution File, Format Version 12.00
# Visual Studio 2013
VisualStudioVersion = 12.0.31101.0
MinimumVisualStudioVersion = 10.0.40219.1
Project("{FAE04EC0-301F-11D3-BF4B-00C04F79EFBC}") = "ArtificialNeuralNetwork", "ArtificialNeuralNetwork\ArtificialNeuralNetwork.csproj", "{172A1EC3-7732-4EA5-8032-AACB46818BDE}"
EndProject
Project("{FAE04EC0-301F-11D3-BF4B-00C04F79EFBC}") = "ArtificialNeuralNetworkVisualizer", "ArtificialNeuralNetworkVisualizer\ArtificialNeuralNetworkVisualizer.csproj", "{A9374266-6360-4073-8CC4-009B8ACDF914}"
EndProject
Project("{FAE04EC0-301F-11D3-BF4B-00C04F79EFBC}") = "ArtificialNeuralNetworkExtensionMethods", "ArtificialNeuralNetworkExtensionMethods\ArtificialNeuralNetworkExtensionMethods.csproj", "{57BCDAF4-DE27-4D1A-8F8B-94AD9D29FB90}"
EndProject
Project("{FAE04EC0-301F-11D3-BF4B-00C04F79EFBC}") = "ArtificialNeuralNetworkVisualizerMVC", "ArtificialNeuralNetworkVisualizerMVC\ArtificialNeuralNetworkVisualizerMVC.csproj", "{5551BF64-8315-4A9C-8EFF-F587FA762CBC}"
EndProject
Global
	GlobalSection(SolutionConfigurationPlatforms) = preSolution
		Debug|Any CPU = Debug|Any CPU
		Release|Any CPU = Release|Any CPU
	EndGlobalSection
	GlobalSection(ProjectConfigurationPlatforms) = postSolution
		{172A1EC3-7732-4EA5-8032-AACB46818BDE}.Debug|Any CPU.ActiveCfg = Debug|Any CPU
		{172A1EC3-7732-4EA5-8032-AACB46818BDE}.Debug|Any CPU.Build.0 = Debug|Any CPU
		{172A1EC3-7732-4EA5-8032-AACB46818BDE}.Release|Any CPU.ActiveCfg = Release|Any CPU
		{172A1EC3-7732-4EA5-8032-AACB46818BDE}.Release|Any CPU.Build.0 = Release|Any CPU
		{A9374266-6360-4073-8CC4-009B8ACDF914}.Debug|Any CPU.ActiveCfg = Debug|Any CPU
		{A9374266-6360-4073-8CC4-009B8ACDF914}.Debug|Any CPU.Build.0 = Debug|Any CPU
		{A9374266-6360-4073-8CC4-009B8ACDF914}.Release|Any CPU.ActiveCfg = Release|Any CPU
		{A9374266-6360-4073-8CC4-009B8ACDF914}.Release|Any CPU.Build.0 = Release|Any CPU
		{57BCDAF4-DE27-4D1A-8F8B-94AD9D29FB90}.Debug|Any CPU.ActiveCfg = Debug|Any CPU
		{57BCDAF4-DE27-4D1A-8F8B-94AD9D29FB90}.Debug|Any CPU.Build.0 = Debug|Any CPU
		{57BCDAF4-DE27-4D1A-8F8B-94AD9D29FB90}.Release|Any CPU.ActiveCfg = Release|Any CPU
		{57BCDAF4-DE27-4D1A-8F8B-94AD9D29FB90}.Release|Any CPU.Build.0 = Release|Any CPU
		{5551BF64-8315-4A9C-8EFF-F587FA762CBC}.Debug|Any CPU.ActiveCfg = Debug|Any CPU
		{5551BF64-8315-4A9C-8EFF-F587FA762CBC}.Debug|Any CPU.Build.0 = Debug|Any CPU
		{5551BF64-8315-4A9C-8EFF-F587FA762CBC}.Release|Any CPU.ActiveCfg = Release|Any CPU
		{5551BF64-8315-4A9C-8EFF-F587FA762CBC}.Release|Any CPU.Build.0 = Release|Any CPU
	EndGlobalSection
	GlobalSection(SolutionProperties) = preSolution
		HideSolutionNode = FALSE
	EndGlobalSection
EndGlobal
