
Microsoft Visual Studio Solution File, Format Version 12.00
# Visual Studio 2013
VisualStudioVersion = 12.0.31101.0
MinimumVisualStudioVersion = 10.0.40219.1
Project("{FAE04EC0-301F-11D3-BF4B-00C04F79EFBC}") = "ArtificialNeuralNetwork", "ArtificialNeuralNetwork\ArtificialNeuralNetwork.csproj", "{172A1EC3-7732-4EA5-8032-AACB46818BDE}"
EndProject
Project("{FAE04EC0-301F-11D3-BF4B-00C04F79EFBC}") = "AnnTesting", "AnnTesting\AnnTesting.csproj", "{36E01A42-D4B9-4474-BA03-BBBD0D9624A7}"
EndProject
Global
	GlobalSection(SolutionConfigurationPlatforms) = preSolution
		Debug|Any CPU = Debug|Any CPU
		Release|Any CPU = Release|Any CPU
	EndGlobalSection
	GlobalSection(ProjectConfigurationPlatforms) = postSolution
		{172A1EC3-7732-4EA5-8032-AACB46818BDE}.Debug|Any CPU.ActiveCfg = Debug|Any CPU
		{172A1EC3-7732-4EA5-8032-AACB46818BDE}.Debug|Any CPU.Build.0 = Debug|Any CPU
		{172A1EC3-7732-4EA5-8032-AACB46818BDE}.Release|Any CPU.ActiveCfg = Release|Any CPU
		{172A1EC3-7732-4EA5-8032-AACB46818BDE}.Release|Any CPU.Build.0 = Release|Any CPU
		{36E01A42-D4B9-4474-BA03-BBBD0D9624A7}.Debug|Any CPU.ActiveCfg = Debug|Any CPU
		{36E01A42-D4B9-4474-BA03-BBBD0D9624A7}.Debug|Any CPU.Build.0 = Debug|Any CPU
		{36E01A42-D4B9-4474-BA03-BBBD0D9624A7}.Release|Any CPU.ActiveCfg = Release|Any CPU
		{36E01A42-D4B9-4474-BA03-BBBD0D9624A7}.Release|Any CPU.Build.0 = Release|Any CPU
	EndGlobalSection
	GlobalSection(SolutionProperties) = preSolution
		HideSolutionNode = FALSE
	EndGlobalSection
EndGlobal
